// !$*UTF8*$!
{
	archiveVersion = 1;
	classes = {
	};
	objectVersion = 56;
	objects = {

/* Begin PBXBuildFile section */
		447D5A1E2C7673B200109A98 /* AppDelegate.swift in Sources */ = {isa = PBXBuildFile; fileRef = 447D5A1D2C7673B200109A98 /* AppDelegate.swift */; };
		447D5A202C7673B200109A98 /* SceneDelegate.swift in Sources */ = {isa = PBXBuildFile; fileRef = 447D5A1F2C7673B200109A98 /* SceneDelegate.swift */; };
		447D5A222C7673B200109A98 /* LoginViewController.swift in Sources */ = {isa = PBXBuildFile; fileRef = 447D5A212C7673B200109A98 /* LoginViewController.swift */; };
		447D5A252C7673B200109A98 /* Base in Resources */ = {isa = PBXBuildFile; fileRef = 447D5A242C7673B200109A98 /* Base */; };
		447D5A272C7673B300109A98 /* Assets.xcassets in Resources */ = {isa = PBXBuildFile; fileRef = 447D5A262C7673B300109A98 /* Assets.xcassets */; };
		447D5A2A2C7673B300109A98 /* Base in Resources */ = {isa = PBXBuildFile; fileRef = 447D5A292C7673B300109A98 /* Base */; };
		44BB44322C7B5EDD007E33B5 /* User.swift in Sources */ = {isa = PBXBuildFile; fileRef = 44BB44312C7B5EDD007E33B5 /* User.swift */; };
		44BB44342C7B5EEB007E33B5 /* Group.swift in Sources */ = {isa = PBXBuildFile; fileRef = 44BB44332C7B5EEB007E33B5 /* Group.swift */; };
		44BB44372C7BE008007E33B5 /* FriendsListTableViewController.swift in Sources */ = {isa = PBXBuildFile; fileRef = 44BB44362C7BE008007E33B5 /* FriendsListTableViewController.swift */; };
		44BB44392C7BE048007E33B5 /* FriendsListTableViewCell.swift in Sources */ = {isa = PBXBuildFile; fileRef = 44BB44382C7BE048007E33B5 /* FriendsListTableViewCell.swift */; };
		44BB443B2C7BE085007E33B5 /* FriendProfileCollectionViewController.swift in Sources */ = {isa = PBXBuildFile; fileRef = 44BB443A2C7BE085007E33B5 /* FriendProfileCollectionViewController.swift */; };
		44BB443D2C7BE0A8007E33B5 /* FriendProfileCollectionViewCell.swift in Sources */ = {isa = PBXBuildFile; fileRef = 44BB443C2C7BE0A8007E33B5 /* FriendProfileCollectionViewCell.swift */; };
		44BB443F2C7BE137007E33B5 /* GroupsListTableViewController.swift in Sources */ = {isa = PBXBuildFile; fileRef = 44BB443E2C7BE137007E33B5 /* GroupsListTableViewController.swift */; };
		44BB44412C7BE15C007E33B5 /* GroupsListTableViewCell.swift in Sources */ = {isa = PBXBuildFile; fileRef = 44BB44402C7BE15C007E33B5 /* GroupsListTableViewCell.swift */; };
		44BB44432C7BE19C007E33B5 /* GroupsSearchTableViewController.swift in Sources */ = {isa = PBXBuildFile; fileRef = 44BB44422C7BE19C007E33B5 /* GroupsSearchTableViewController.swift */; };
		44BB44452C7BE1CB007E33B5 /* GroupsSearchTableViewCell.swift in Sources */ = {isa = PBXBuildFile; fileRef = 44BB44442C7BE1CB007E33B5 /* GroupsSearchTableViewCell.swift */; };
/* End PBXBuildFile section */

/* Begin PBXFileReference section */
		447D5A1A2C7673B200109A98 /* VK Client.app */ = {isa = PBXFileReference; explicitFileType = wrapper.application; includeInIndex = 0; path = "VK Client.app"; sourceTree = BUILT_PRODUCTS_DIR; };
		447D5A1D2C7673B200109A98 /* AppDelegate.swift */ = {isa = PBXFileReference; lastKnownFileType = sourcecode.swift; path = AppDelegate.swift; sourceTree = "<group>"; };
		447D5A1F2C7673B200109A98 /* SceneDelegate.swift */ = {isa = PBXFileReference; lastKnownFileType = sourcecode.swift; path = SceneDelegate.swift; sourceTree = "<group>"; };
		447D5A212C7673B200109A98 /* LoginViewController.swift */ = {isa = PBXFileReference; lastKnownFileType = sourcecode.swift; path = LoginViewController.swift; sourceTree = "<group>"; };
		447D5A242C7673B200109A98 /* Base */ = {isa = PBXFileReference; lastKnownFileType = file.storyboard; name = Base; path = Base.lproj/Main.storyboard; sourceTree = "<group>"; };
		447D5A262C7673B300109A98 /* Assets.xcassets */ = {isa = PBXFileReference; lastKnownFileType = folder.assetcatalog; path = Assets.xcassets; sourceTree = "<group>"; };
		447D5A292C7673B300109A98 /* Base */ = {isa = PBXFileReference; lastKnownFileType = file.storyboard; name = Base; path = Base.lproj/LaunchScreen.storyboard; sourceTree = "<group>"; };
		447D5A2B2C7673B300109A98 /* Info.plist */ = {isa = PBXFileReference; lastKnownFileType = text.plist.xml; path = Info.plist; sourceTree = "<group>"; };
		44BB44312C7B5EDD007E33B5 /* User.swift */ = {isa = PBXFileReference; lastKnownFileType = sourcecode.swift; path = User.swift; sourceTree = "<group>"; };
		44BB44332C7B5EEB007E33B5 /* Group.swift */ = {isa = PBXFileReference; lastKnownFileType = sourcecode.swift; path = Group.swift; sourceTree = "<group>"; };
		44BB44362C7BE008007E33B5 /* FriendsListTableViewController.swift */ = {isa = PBXFileReference; lastKnownFileType = sourcecode.swift; path = FriendsListTableViewController.swift; sourceTree = "<group>"; };
		44BB44382C7BE048007E33B5 /* FriendsListTableViewCell.swift */ = {isa = PBXFileReference; lastKnownFileType = sourcecode.swift; path = FriendsListTableViewCell.swift; sourceTree = "<group>"; };
		44BB443A2C7BE085007E33B5 /* FriendProfileCollectionViewController.swift */ = {isa = PBXFileReference; lastKnownFileType = sourcecode.swift; path = FriendProfileCollectionViewController.swift; sourceTree = "<group>"; };
		44BB443C2C7BE0A8007E33B5 /* FriendProfileCollectionViewCell.swift */ = {isa = PBXFileReference; lastKnownFileType = sourcecode.swift; path = FriendProfileCollectionViewCell.swift; sourceTree = "<group>"; };
		44BB443E2C7BE137007E33B5 /* GroupsListTableViewController.swift */ = {isa = PBXFileReference; lastKnownFileType = sourcecode.swift; path = GroupsListTableViewController.swift; sourceTree = "<group>"; };
		44BB44402C7BE15C007E33B5 /* GroupsListTableViewCell.swift */ = {isa = PBXFileReference; lastKnownFileType = sourcecode.swift; path = GroupsListTableViewCell.swift; sourceTree = "<group>"; };
		44BB44422C7BE19C007E33B5 /* GroupsSearchTableViewController.swift */ = {isa = PBXFileReference; lastKnownFileType = sourcecode.swift; path = GroupsSearchTableViewController.swift; sourceTree = "<group>"; };
		44BB44442C7BE1CB007E33B5 /* GroupsSearchTableViewCell.swift */ = {isa = PBXFileReference; lastKnownFileType = sourcecode.swift; path = GroupsSearchTableViewCell.swift; sourceTree = "<group>"; };
/* End PBXFileReference section */

/* Begin PBXFrameworksBuildPhase section */
		447D5A172C7673B200109A98 /* Frameworks */ = {
			isa = PBXFrameworksBuildPhase;
			buildActionMask = 2147483647;
			files = (
			);
			runOnlyForDeploymentPostprocessing = 0;
		};
/* End PBXFrameworksBuildPhase section */

/* Begin PBXGroup section */
		447D5A112C7673B200109A98 = {
			isa = PBXGroup;
			children = (
				447D5A1C2C7673B200109A98 /* VK Client */,
				447D5A1B2C7673B200109A98 /* Products */,
			);
			sourceTree = "<group>";
		};
		447D5A1B2C7673B200109A98 /* Products */ = {
			isa = PBXGroup;
			children = (
				447D5A1A2C7673B200109A98 /* VK Client.app */,
			);
			name = Products;
			sourceTree = "<group>";
		};
		447D5A1C2C7673B200109A98 /* VK Client */ = {
			isa = PBXGroup;
			children = (
				447D5A1D2C7673B200109A98 /* AppDelegate.swift */,
				447D5A1F2C7673B200109A98 /* SceneDelegate.swift */,
				447D5A212C7673B200109A98 /* LoginViewController.swift */,
				447D5A232C7673B200109A98 /* Main.storyboard */,
				44BB44492C7CF379007E33B5 /* GroupsSearchList */,
				44BB44482C7CF366007E33B5 /* GroupsList */,
				44BB44472C7CF355007E33B5 /* FriendProfile */,
				44BB44462C7CF33B007E33B5 /* FriendsList */,
				44BB44352C7B5EFB007E33B5 /* Model */,
				447D5A262C7673B300109A98 /* Assets.xcassets */,
				447D5A282C7673B300109A98 /* LaunchScreen.storyboard */,
				447D5A2B2C7673B300109A98 /* Info.plist */,
			);
			path = "VK Client";
			sourceTree = "<group>";
		};
		44BB44352C7B5EFB007E33B5 /* Model */ = {
			isa = PBXGroup;
			children = (
				44BB44312C7B5EDD007E33B5 /* User.swift */,
				44BB44332C7B5EEB007E33B5 /* Group.swift */,
			);
			path = Model;
			sourceTree = "<group>";
		};
		44BB44462C7CF33B007E33B5 /* FriendsList */ = {
			isa = PBXGroup;
			children = (
				44BB44382C7BE048007E33B5 /* FriendsListTableViewCell.swift */,
				44BB44362C7BE008007E33B5 /* FriendsListTableViewController.swift */,
			);
			path = FriendsList;
			sourceTree = "<group>";
		};
		44BB44472C7CF355007E33B5 /* FriendProfile */ = {
			isa = PBXGroup;
			children = (
				44BB443C2C7BE0A8007E33B5 /* FriendProfileCollectionViewCell.swift */,
				44BB443A2C7BE085007E33B5 /* FriendProfileCollectionViewController.swift */,
			);
			path = FriendProfile;
			sourceTree = "<group>";
		};
		44BB44482C7CF366007E33B5 /* GroupsList */ = {
			isa = PBXGroup;
			children = (
				44BB44402C7BE15C007E33B5 /* GroupsListTableViewCell.swift */,
				44BB443E2C7BE137007E33B5 /* GroupsListTableViewController.swift */,
			);
			path = GroupsList;
			sourceTree = "<group>";
		};
		44BB44492C7CF379007E33B5 /* GroupsSearchList */ = {
			isa = PBXGroup;
			children = (
				44BB44442C7BE1CB007E33B5 /* GroupsSearchTableViewCell.swift */,
				44BB44422C7BE19C007E33B5 /* GroupsSearchTableViewController.swift */,
			);
			path = GroupsSearchList;
			sourceTree = "<group>";
		};
/* End PBXGroup section */

/* Begin PBXNativeTarget section */
		447D5A192C7673B200109A98 /* VK Client */ = {
			isa = PBXNativeTarget;
			buildConfigurationList = 447D5A2E2C7673B300109A98 /* Build configuration list for PBXNativeTarget "VK Client" */;
			buildPhases = (
				447D5A162C7673B200109A98 /* Sources */,
				447D5A172C7673B200109A98 /* Frameworks */,
				447D5A182C7673B200109A98 /* Resources */,
			);
			buildRules = (
			);
			dependencies = (
			);
			name = "VK Client";
			productName = "VK Client";
			productReference = 447D5A1A2C7673B200109A98 /* VK Client.app */;
			productType = "com.apple.product-type.application";
		};
/* End PBXNativeTarget section */

/* Begin PBXProject section */
		447D5A122C7673B200109A98 /* Project object */ = {
			isa = PBXProject;
			attributes = {
				BuildIndependentTargetsInParallel = 1;
				LastSwiftUpdateCheck = 1540;
				LastUpgradeCheck = 1540;
				TargetAttributes = {
					447D5A192C7673B200109A98 = {
						CreatedOnToolsVersion = 15.4;
					};
				};
			};
			buildConfigurationList = 447D5A152C7673B200109A98 /* Build configuration list for PBXProject "VK Client" */;
			compatibilityVersion = "Xcode 14.0";
			developmentRegion = en;
			hasScannedForEncodings = 0;
			knownRegions = (
				en,
				Base,
			);
			mainGroup = 447D5A112C7673B200109A98;
			productRefGroup = 447D5A1B2C7673B200109A98 /* Products */;
			projectDirPath = "";
			projectRoot = "";
			targets = (
				447D5A192C7673B200109A98 /* VK Client */,
			);
		};
/* End PBXProject section */

/* Begin PBXResourcesBuildPhase section */
		447D5A182C7673B200109A98 /* Resources */ = {
			isa = PBXResourcesBuildPhase;
			buildActionMask = 2147483647;
			files = (
				447D5A272C7673B300109A98 /* Assets.xcassets in Resources */,
				447D5A2A2C7673B300109A98 /* Base in Resources */,
				447D5A252C7673B200109A98 /* Base in Resources */,
			);
			runOnlyForDeploymentPostprocessing = 0;
		};
/* End PBXResourcesBuildPhase section */

/* Begin PBXSourcesBuildPhase section */
		447D5A162C7673B200109A98 /* Sources */ = {
			isa = PBXSourcesBuildPhase;
			buildActionMask = 2147483647;
			files = (
				44BB44322C7B5EDD007E33B5 /* User.swift in Sources */,
				44BB44452C7BE1CB007E33B5 /* GroupsSearchTableViewCell.swift in Sources */,
				44BB443F2C7BE137007E33B5 /* GroupsListTableViewController.swift in Sources */,
				447D5A222C7673B200109A98 /* LoginViewController.swift in Sources */,
				44BB443B2C7BE085007E33B5 /* FriendProfileCollectionViewController.swift in Sources */,
				44BB443D2C7BE0A8007E33B5 /* FriendProfileCollectionViewCell.swift in Sources */,
				44BB44432C7BE19C007E33B5 /* GroupsSearchTableViewController.swift in Sources */,
				447D5A1E2C7673B200109A98 /* AppDelegate.swift in Sources */,
				44BB44372C7BE008007E33B5 /* FriendsListTableViewController.swift in Sources */,
				44BB44342C7B5EEB007E33B5 /* Group.swift in Sources */,
				44BB44412C7BE15C007E33B5 /* GroupsListTableViewCell.swift in Sources */,
				44BB44392C7BE048007E33B5 /* FriendsListTableViewCell.swift in Sources */,
				447D5A202C7673B200109A98 /* SceneDelegate.swift in Sources */,
			);
			runOnlyForDeploymentPostprocessing = 0;
		};
/* End PBXSourcesBuildPhase section */

/* Begin PBXVariantGroup section */
		447D5A232C7673B200109A98 /* Main.storyboard */ = {
			isa = PBXVariantGroup;
			children = (
				447D5A242C7673B200109A98 /* Base */,
			);
			name = Main.storyboard;
			sourceTree = "<group>";
		};
		447D5A282C7673B300109A98 /* LaunchScreen.storyboard */ = {
			isa = PBXVariantGroup;
			children = (
				447D5A292C7673B300109A98 /* Base */,
			);
			name = LaunchScreen.storyboard;
			sourceTree = "<group>";
		};
/* End PBXVariantGroup section */

/* Begin XCBuildConfiguration section */
		447D5A2C2C7673B300109A98 /* Debug */ = {
			isa = XCBuildConfiguration;
			buildSettings = {
				ALWAYS_SEARCH_USER_PATHS = NO;
				ASSETCATALOG_COMPILER_GENERATE_SWIFT_ASSET_SYMBOL_EXTENSIONS = YES;
				CLANG_ANALYZER_NONNULL = YES;
				CLANG_ANALYZER_NUMBER_OBJECT_CONVERSION = YES_AGGRESSIVE;
				CLANG_CXX_LANGUAGE_STANDARD = "gnu++20";
				CLANG_ENABLE_MODULES = YES;
				CLANG_ENABLE_OBJC_ARC = YES;
				CLANG_ENABLE_OBJC_WEAK = YES;
				CLANG_WARN_BLOCK_CAPTURE_AUTORELEASING = YES;
				CLANG_WARN_BOOL_CONVERSION = YES;
				CLANG_WARN_COMMA = YES;
				CLANG_WARN_CONSTANT_CONVERSION = YES;
				CLANG_WARN_DEPRECATED_OBJC_IMPLEMENTATIONS = YES;
				CLANG_WARN_DIRECT_OBJC_ISA_USAGE = YES_ERROR;
				CLANG_WARN_DOCUMENTATION_COMMENTS = YES;
				CLANG_WARN_EMPTY_BODY = YES;
				CLANG_WARN_ENUM_CONVERSION = YES;
				CLANG_WARN_INFINITE_RECURSION = YES;
				CLANG_WARN_INT_CONVERSION = YES;
				CLANG_WARN_NON_LITERAL_NULL_CONVERSION = YES;
				CLANG_WARN_OBJC_IMPLICIT_RETAIN_SELF = YES;
				CLANG_WARN_OBJC_LITERAL_CONVERSION = YES;
				CLANG_WARN_OBJC_ROOT_CLASS = YES_ERROR;
				CLANG_WARN_QUOTED_INCLUDE_IN_FRAMEWORK_HEADER = YES;
				CLANG_WARN_RANGE_LOOP_ANALYSIS = YES;
				CLANG_WARN_STRICT_PROTOTYPES = YES;
				CLANG_WARN_SUSPICIOUS_MOVE = YES;
				CLANG_WARN_UNGUARDED_AVAILABILITY = YES_AGGRESSIVE;
				CLANG_WARN_UNREACHABLE_CODE = YES;
				CLANG_WARN__DUPLICATE_METHOD_MATCH = YES;
				COPY_PHASE_STRIP = NO;
				DEBUG_INFORMATION_FORMAT = dwarf;
				ENABLE_STRICT_OBJC_MSGSEND = YES;
				ENABLE_TESTABILITY = YES;
				ENABLE_USER_SCRIPT_SANDBOXING = YES;
				GCC_C_LANGUAGE_STANDARD = gnu17;
				GCC_DYNAMIC_NO_PIC = NO;
				GCC_NO_COMMON_BLOCKS = YES;
				GCC_OPTIMIZATION_LEVEL = 0;
				GCC_PREPROCESSOR_DEFINITIONS = (
					"DEBUG=1",
					"$(inherited)",
				);
				GCC_WARN_64_TO_32_BIT_CONVERSION = YES;
				GCC_WARN_ABOUT_RETURN_TYPE = YES_ERROR;
				GCC_WARN_UNDECLARED_SELECTOR = YES;
				GCC_WARN_UNINITIALIZED_AUTOS = YES_AGGRESSIVE;
				GCC_WARN_UNUSED_FUNCTION = YES;
				GCC_WARN_UNUSED_VARIABLE = YES;
				IPHONEOS_DEPLOYMENT_TARGET = 17.5;
				LOCALIZATION_PREFERS_STRING_CATALOGS = YES;
				MTL_ENABLE_DEBUG_INFO = INCLUDE_SOURCE;
				MTL_FAST_MATH = YES;
				ONLY_ACTIVE_ARCH = YES;
				SDKROOT = iphoneos;
				SWIFT_ACTIVE_COMPILATION_CONDITIONS = "DEBUG $(inherited)";
				SWIFT_OPTIMIZATION_LEVEL = "-Onone";
			};
			name = Debug;
		};
		447D5A2D2C7673B300109A98 /* Release */ = {
			isa = XCBuildConfiguration;
			buildSettings = {
				ALWAYS_SEARCH_USER_PATHS = NO;
				ASSETCATALOG_COMPILER_GENERATE_SWIFT_ASSET_SYMBOL_EXTENSIONS = YES;
				CLANG_ANALYZER_NONNULL = YES;
				CLANG_ANALYZER_NUMBER_OBJECT_CONVERSION = YES_AGGRESSIVE;
				CLANG_CXX_LANGUAGE_STANDARD = "gnu++20";
				CLANG_ENABLE_MODULES = YES;
				CLANG_ENABLE_OBJC_ARC = YES;
				CLANG_ENABLE_OBJC_WEAK = YES;
				CLANG_WARN_BLOCK_CAPTURE_AUTORELEASING = YES;
				CLANG_WARN_BOOL_CONVERSION = YES;
				CLANG_WARN_COMMA = YES;
				CLANG_WARN_CONSTANT_CONVERSION = YES;
				CLANG_WARN_DEPRECATED_OBJC_IMPLEMENTATIONS = YES;
				CLANG_WARN_DIRECT_OBJC_ISA_USAGE = YES_ERROR;
				CLANG_WARN_DOCUMENTATION_COMMENTS = YES;
				CLANG_WARN_EMPTY_BODY = YES;
				CLANG_WARN_ENUM_CONVERSION = YES;
				CLANG_WARN_INFINITE_RECURSION = YES;
				CLANG_WARN_INT_CONVERSION = YES;
				CLANG_WARN_NON_LITERAL_NULL_CONVERSION = YES;
				CLANG_WARN_OBJC_IMPLICIT_RETAIN_SELF = YES;
				CLANG_WARN_OBJC_LITERAL_CONVERSION = YES;
				CLANG_WARN_OBJC_ROOT_CLASS = YES_ERROR;
				CLANG_WARN_QUOTED_INCLUDE_IN_FRAMEWORK_HEADER = YES;
				CLANG_WARN_RANGE_LOOP_ANALYSIS = YES;
				CLANG_WARN_STRICT_PROTOTYPES = YES;
				CLANG_WARN_SUSPICIOUS_MOVE = YES;
				CLANG_WARN_UNGUARDED_AVAILABILITY = YES_AGGRESSIVE;
				CLANG_WARN_UNREACHABLE_CODE = YES;
				CLANG_WARN__DUPLICATE_METHOD_MATCH = YES;
				COPY_PHASE_STRIP = NO;
				DEBUG_INFORMATION_FORMAT = "dwarf-with-dsym";
				ENABLE_NS_ASSERTIONS = NO;
				ENABLE_STRICT_OBJC_MSGSEND = YES;
				ENABLE_USER_SCRIPT_SANDBOXING = YES;
				GCC_C_LANGUAGE_STANDARD = gnu17;
				GCC_NO_COMMON_BLOCKS = YES;
				GCC_WARN_64_TO_32_BIT_CONVERSION = YES;
				GCC_WARN_ABOUT_RETURN_TYPE = YES_ERROR;
				GCC_WARN_UNDECLARED_SELECTOR = YES;
				GCC_WARN_UNINITIALIZED_AUTOS = YES_AGGRESSIVE;
				GCC_WARN_UNUSED_FUNCTION = YES;
				GCC_WARN_UNUSED_VARIABLE = YES;
				IPHONEOS_DEPLOYMENT_TARGET = 17.5;
				LOCALIZATION_PREFERS_STRING_CATALOGS = YES;
				MTL_ENABLE_DEBUG_INFO = NO;
				MTL_FAST_MATH = YES;
				SDKROOT = iphoneos;
				SWIFT_COMPILATION_MODE = wholemodule;
				VALIDATE_PRODUCT = YES;
			};
			name = Release;
		};
		447D5A2F2C7673B300109A98 /* Debug */ = {
			isa = XCBuildConfiguration;
			buildSettings = {
				ASSETCATALOG_COMPILER_APPICON_NAME = AppIcon;
				ASSETCATALOG_COMPILER_GLOBAL_ACCENT_COLOR_NAME = AccentColor;
				CODE_SIGN_STYLE = Automatic;
				CURRENT_PROJECT_VERSION = 1;
				DEVELOPMENT_TEAM = HZZ5H8KM9J;
				GENERATE_INFOPLIST_FILE = YES;
				INFOPLIST_FILE = "VK Client/Info.plist";
				INFOPLIST_KEY_UIApplicationSupportsIndirectInputEvents = YES;
				INFOPLIST_KEY_UILaunchStoryboardName = LaunchScreen;
				INFOPLIST_KEY_UIMainStoryboardFile = Main;
				INFOPLIST_KEY_UISupportedInterfaceOrientations_iPad = "UIInterfaceOrientationPortrait UIInterfaceOrientationPortraitUpsideDown UIInterfaceOrientationLandscapeLeft UIInterfaceOrientationLandscapeRight";
				INFOPLIST_KEY_UISupportedInterfaceOrientations_iPhone = "UIInterfaceOrientationPortrait UIInterfaceOrientationLandscapeLeft UIInterfaceOrientationLandscapeRight";
				LD_RUNPATH_SEARCH_PATHS = (
					"$(inherited)",
					"@executable_path/Frameworks",
				);
				MARKETING_VERSION = 1.0;
				PRODUCT_BUNDLE_IDENTIFIER = "ge.georgii.VK-Client";
				PRODUCT_NAME = "$(TARGET_NAME)";
				SWIFT_EMIT_LOC_STRINGS = YES;
				SWIFT_VERSION = 5.0;
				TARGETED_DEVICE_FAMILY = "1,2";
			};
			name = Debug;
		};
		447D5A302C7673B300109A98 /* Release */ = {
			isa = XCBuildConfiguration;
			buildSettings = {
				ASSETCATALOG_COMPILER_APPICON_NAME = AppIcon;
				ASSETCATALOG_COMPILER_GLOBAL_ACCENT_COLOR_NAME = AccentColor;
				CODE_SIGN_STYLE = Automatic;
				CURRENT_PROJECT_VERSION = 1;
				DEVELOPMENT_TEAM = HZZ5H8KM9J;
				GENERATE_INFOPLIST_FILE = YES;
				INFOPLIST_FILE = "VK Client/Info.plist";
				INFOPLIST_KEY_UIApplicationSupportsIndirectInputEvents = YES;
				INFOPLIST_KEY_UILaunchStoryboardName = LaunchScreen;
				INFOPLIST_KEY_UIMainStoryboardFile = Main;
				INFOPLIST_KEY_UISupportedInterfaceOrientations_iPad = "UIInterfaceOrientationPortrait UIInterfaceOrientationPortraitUpsideDown UIInterfaceOrientationLandscapeLeft UIInterfaceOrientationLandscapeRight";
				INFOPLIST_KEY_UISupportedInterfaceOrientations_iPhone = "UIInterfaceOrientationPortrait UIInterfaceOrientationLandscapeLeft UIInterfaceOrientationLandscapeRight";
				LD_RUNPATH_SEARCH_PATHS = (
					"$(inherited)",
					"@executable_path/Frameworks",
				);
				MARKETING_VERSION = 1.0;
				PRODUCT_BUNDLE_IDENTIFIER = "ge.georgii.VK-Client";
				PRODUCT_NAME = "$(TARGET_NAME)";
				SWIFT_EMIT_LOC_STRINGS = YES;
				SWIFT_VERSION = 5.0;
				TARGETED_DEVICE_FAMILY = "1,2";
			};
			name = Release;
		};
/* End XCBuildConfiguration section */

/* Begin XCConfigurationList section */
		447D5A152C7673B200109A98 /* Build configuration list for PBXProject "VK Client" */ = {
			isa = XCConfigurationList;
			buildConfigurations = (
				447D5A2C2C7673B300109A98 /* Debug */,
				447D5A2D2C7673B300109A98 /* Release */,
			);
			defaultConfigurationIsVisible = 0;
			defaultConfigurationName = Release;
		};
		447D5A2E2C7673B300109A98 /* Build configuration list for PBXNativeTarget "VK Client" */ = {
			isa = XCConfigurationList;
			buildConfigurations = (
				447D5A2F2C7673B300109A98 /* Debug */,
				447D5A302C7673B300109A98 /* Release */,
			);
			defaultConfigurationIsVisible = 0;
			defaultConfigurationName = Release;
		};
/* End XCConfigurationList section */
	};
	rootObject = 447D5A122C7673B200109A98 /* Project object */;
}
